
Microsoft Visual Studio Solution File, Format Version 11.00
# Visual Studio 2010
Project("{FAE04EC0-301F-11D3-BF4B-00C04F79EFBC}") = "NextCart.Front.Web", "NextCart.Front.Web\NextCart.Front.Web.csproj", "{B9FA8F4B-14EF-478E-B397-D9DC2C8AC776}"
EndProject
Project("{FAE04EC0-301F-11D3-BF4B-00C04F79EFBC}") = "NextCart.Front.Api", "NextCart.Front.Api\NextCart.Front.Api.csproj", "{F3B4D366-0EA8-4F87-A4A6-89850731E1F9}"
EndProject
Project("{FAE04EC0-301F-11D3-BF4B-00C04F79EFBC}") = "NextCart.Middle.Binding", "NextCart.Middle.Binding\NextCart.Middle.Binding.csproj", "{F2AEAC69-945A-4D85-939E-71F2DBE268E5}"
EndProject
Project("{FAE04EC0-301F-11D3-BF4B-00C04F79EFBC}") = "NextCart.Middle.Host", "NextCart.Middle.Host\NextCart.Middle.Host.csproj", "{660E5FD6-B01B-4B79-814C-437A4B250BD4}"
EndProject
Project("{FAE04EC0-301F-11D3-BF4B-00C04F79EFBC}") = "NextCart.Back.Product.Doba", "NextCart.Back.Product.Doba\NextCart.Back.Product.Doba.csproj", "{657150EB-948E-4A74-A994-E64ECC828D3E}"
EndProject
Project("{FAE04EC0-301F-11D3-BF4B-00C04F79EFBC}") = "NextCart.Middle", "NextCart.Middle\NextCart.Middle.csproj", "{20B7EEBA-CE0F-4FC9-9976-76E94D5A3E20}"
EndProject
Project("{FAE04EC0-301F-11D3-BF4B-00C04F79EFBC}") = "Contract.Vortx", "Contract.Vortx\Contract.Vortx.csproj", "{B170538B-EFF8-4696-B382-C9E8FD1E2D6E}"
EndProject
Project("{FAE04EC0-301F-11D3-BF4B-00C04F79EFBC}") = "Contract.Product.Doba", "Contract.Product.Doba\Contract.Product.Doba.csproj", "{2C003E32-8D96-4BAA-BD54-5F4A20E36117}"
EndProject
Global
	GlobalSection(SolutionConfigurationPlatforms) = preSolution
		Debug|Any CPU = Debug|Any CPU
		Debug|Mixed Platforms = Debug|Mixed Platforms
		Debug|x86 = Debug|x86
		Release|Any CPU = Release|Any CPU
		Release|Mixed Platforms = Release|Mixed Platforms
		Release|x86 = Release|x86
	EndGlobalSection
	GlobalSection(ProjectConfigurationPlatforms) = postSolution
		{B9FA8F4B-14EF-478E-B397-D9DC2C8AC776}.Debug|Any CPU.ActiveCfg = Debug|Any CPU
		{B9FA8F4B-14EF-478E-B397-D9DC2C8AC776}.Debug|Any CPU.Build.0 = Debug|Any CPU
		{B9FA8F4B-14EF-478E-B397-D9DC2C8AC776}.Debug|Mixed Platforms.ActiveCfg = Debug|Any CPU
		{B9FA8F4B-14EF-478E-B397-D9DC2C8AC776}.Debug|Mixed Platforms.Build.0 = Debug|Any CPU
		{B9FA8F4B-14EF-478E-B397-D9DC2C8AC776}.Debug|x86.ActiveCfg = Debug|Any CPU
		{B9FA8F4B-14EF-478E-B397-D9DC2C8AC776}.Release|Any CPU.ActiveCfg = Release|Any CPU
		{B9FA8F4B-14EF-478E-B397-D9DC2C8AC776}.Release|Any CPU.Build.0 = Release|Any CPU
		{B9FA8F4B-14EF-478E-B397-D9DC2C8AC776}.Release|Mixed Platforms.ActiveCfg = Release|Any CPU
		{B9FA8F4B-14EF-478E-B397-D9DC2C8AC776}.Release|Mixed Platforms.Build.0 = Release|Any CPU
		{B9FA8F4B-14EF-478E-B397-D9DC2C8AC776}.Release|x86.ActiveCfg = Release|Any CPU
		{F3B4D366-0EA8-4F87-A4A6-89850731E1F9}.Debug|Any CPU.ActiveCfg = Debug|Any CPU
		{F3B4D366-0EA8-4F87-A4A6-89850731E1F9}.Debug|Any CPU.Build.0 = Debug|Any CPU
		{F3B4D366-0EA8-4F87-A4A6-89850731E1F9}.Debug|Mixed Platforms.ActiveCfg = Debug|Any CPU
		{F3B4D366-0EA8-4F87-A4A6-89850731E1F9}.Debug|Mixed Platforms.Build.0 = Debug|Any CPU
		{F3B4D366-0EA8-4F87-A4A6-89850731E1F9}.Debug|x86.ActiveCfg = Debug|Any CPU
		{F3B4D366-0EA8-4F87-A4A6-89850731E1F9}.Release|Any CPU.ActiveCfg = Release|Any CPU
		{F3B4D366-0EA8-4F87-A4A6-89850731E1F9}.Release|Any CPU.Build.0 = Release|Any CPU
		{F3B4D366-0EA8-4F87-A4A6-89850731E1F9}.Release|Mixed Platforms.ActiveCfg = Release|Any CPU
		{F3B4D366-0EA8-4F87-A4A6-89850731E1F9}.Release|Mixed Platforms.Build.0 = Release|Any CPU
		{F3B4D366-0EA8-4F87-A4A6-89850731E1F9}.Release|x86.ActiveCfg = Release|Any CPU
		{F2AEAC69-945A-4D85-939E-71F2DBE268E5}.Debug|Any CPU.ActiveCfg = Debug|Any CPU
		{F2AEAC69-945A-4D85-939E-71F2DBE268E5}.Debug|Any CPU.Build.0 = Debug|Any CPU
		{F2AEAC69-945A-4D85-939E-71F2DBE268E5}.Debug|Mixed Platforms.ActiveCfg = Debug|Any CPU
		{F2AEAC69-945A-4D85-939E-71F2DBE268E5}.Debug|Mixed Platforms.Build.0 = Debug|Any CPU
		{F2AEAC69-945A-4D85-939E-71F2DBE268E5}.Debug|x86.ActiveCfg = Debug|Any CPU
		{F2AEAC69-945A-4D85-939E-71F2DBE268E5}.Release|Any CPU.ActiveCfg = Release|Any CPU
		{F2AEAC69-945A-4D85-939E-71F2DBE268E5}.Release|Any CPU.Build.0 = Release|Any CPU
		{F2AEAC69-945A-4D85-939E-71F2DBE268E5}.Release|Mixed Platforms.ActiveCfg = Release|Any CPU
		{F2AEAC69-945A-4D85-939E-71F2DBE268E5}.Release|Mixed Platforms.Build.0 = Release|Any CPU
		{F2AEAC69-945A-4D85-939E-71F2DBE268E5}.Release|x86.ActiveCfg = Release|Any CPU
		{660E5FD6-B01B-4B79-814C-437A4B250BD4}.Debug|Any CPU.ActiveCfg = Debug|x86
		{660E5FD6-B01B-4B79-814C-437A4B250BD4}.Debug|Mixed Platforms.ActiveCfg = Debug|x86
		{660E5FD6-B01B-4B79-814C-437A4B250BD4}.Debug|Mixed Platforms.Build.0 = Debug|x86
		{660E5FD6-B01B-4B79-814C-437A4B250BD4}.Debug|x86.ActiveCfg = Debug|x86
		{660E5FD6-B01B-4B79-814C-437A4B250BD4}.Debug|x86.Build.0 = Debug|x86
		{660E5FD6-B01B-4B79-814C-437A4B250BD4}.Release|Any CPU.ActiveCfg = Release|x86
		{660E5FD6-B01B-4B79-814C-437A4B250BD4}.Release|Mixed Platforms.ActiveCfg = Release|x86
		{660E5FD6-B01B-4B79-814C-437A4B250BD4}.Release|Mixed Platforms.Build.0 = Release|x86
		{660E5FD6-B01B-4B79-814C-437A4B250BD4}.Release|x86.ActiveCfg = Release|x86
		{660E5FD6-B01B-4B79-814C-437A4B250BD4}.Release|x86.Build.0 = Release|x86
		{657150EB-948E-4A74-A994-E64ECC828D3E}.Debug|Any CPU.ActiveCfg = Debug|Any CPU
		{657150EB-948E-4A74-A994-E64ECC828D3E}.Debug|Any CPU.Build.0 = Debug|Any CPU
		{657150EB-948E-4A74-A994-E64ECC828D3E}.Debug|Mixed Platforms.ActiveCfg = Debug|Any CPU
		{657150EB-948E-4A74-A994-E64ECC828D3E}.Debug|Mixed Platforms.Build.0 = Debug|Any CPU
		{657150EB-948E-4A74-A994-E64ECC828D3E}.Debug|x86.ActiveCfg = Debug|Any CPU
		{657150EB-948E-4A74-A994-E64ECC828D3E}.Release|Any CPU.ActiveCfg = Release|Any CPU
		{657150EB-948E-4A74-A994-E64ECC828D3E}.Release|Any CPU.Build.0 = Release|Any CPU
		{657150EB-948E-4A74-A994-E64ECC828D3E}.Release|Mixed Platforms.ActiveCfg = Release|Any CPU
		{657150EB-948E-4A74-A994-E64ECC828D3E}.Release|Mixed Platforms.Build.0 = Release|Any CPU
		{657150EB-948E-4A74-A994-E64ECC828D3E}.Release|x86.ActiveCfg = Release|Any CPU
		{20B7EEBA-CE0F-4FC9-9976-76E94D5A3E20}.Debug|Any CPU.ActiveCfg = Debug|Any CPU
		{20B7EEBA-CE0F-4FC9-9976-76E94D5A3E20}.Debug|Any CPU.Build.0 = Debug|Any CPU
		{20B7EEBA-CE0F-4FC9-9976-76E94D5A3E20}.Debug|Mixed Platforms.ActiveCfg = Debug|Any CPU
		{20B7EEBA-CE0F-4FC9-9976-76E94D5A3E20}.Debug|Mixed Platforms.Build.0 = Debug|Any CPU
		{20B7EEBA-CE0F-4FC9-9976-76E94D5A3E20}.Debug|x86.ActiveCfg = Debug|Any CPU
		{20B7EEBA-CE0F-4FC9-9976-76E94D5A3E20}.Release|Any CPU.ActiveCfg = Release|Any CPU
		{20B7EEBA-CE0F-4FC9-9976-76E94D5A3E20}.Release|Any CPU.Build.0 = Release|Any CPU
		{20B7EEBA-CE0F-4FC9-9976-76E94D5A3E20}.Release|Mixed Platforms.ActiveCfg = Release|Any CPU
		{20B7EEBA-CE0F-4FC9-9976-76E94D5A3E20}.Release|Mixed Platforms.Build.0 = Release|Any CPU
		{20B7EEBA-CE0F-4FC9-9976-76E94D5A3E20}.Release|x86.ActiveCfg = Release|Any CPU
		{B170538B-EFF8-4696-B382-C9E8FD1E2D6E}.Debug|Any CPU.ActiveCfg = Debug|Any CPU
		{B170538B-EFF8-4696-B382-C9E8FD1E2D6E}.Debug|Any CPU.Build.0 = Debug|Any CPU
		{B170538B-EFF8-4696-B382-C9E8FD1E2D6E}.Debug|Mixed Platforms.ActiveCfg = Debug|Any CPU
		{B170538B-EFF8-4696-B382-C9E8FD1E2D6E}.Debug|Mixed Platforms.Build.0 = Debug|Any CPU
		{B170538B-EFF8-4696-B382-C9E8FD1E2D6E}.Debug|x86.ActiveCfg = Debug|Any CPU
		{B170538B-EFF8-4696-B382-C9E8FD1E2D6E}.Release|Any CPU.ActiveCfg = Release|Any CPU
		{B170538B-EFF8-4696-B382-C9E8FD1E2D6E}.Release|Any CPU.Build.0 = Release|Any CPU
		{B170538B-EFF8-4696-B382-C9E8FD1E2D6E}.Release|Mixed Platforms.ActiveCfg = Release|Any CPU
		{B170538B-EFF8-4696-B382-C9E8FD1E2D6E}.Release|Mixed Platforms.Build.0 = Release|Any CPU
		{B170538B-EFF8-4696-B382-C9E8FD1E2D6E}.Release|x86.ActiveCfg = Release|Any CPU
		{2C003E32-8D96-4BAA-BD54-5F4A20E36117}.Debug|Any CPU.ActiveCfg = Debug|Any CPU
		{2C003E32-8D96-4BAA-BD54-5F4A20E36117}.Debug|Any CPU.Build.0 = Debug|Any CPU
		{2C003E32-8D96-4BAA-BD54-5F4A20E36117}.Debug|Mixed Platforms.ActiveCfg = Debug|Any CPU
		{2C003E32-8D96-4BAA-BD54-5F4A20E36117}.Debug|Mixed Platforms.Build.0 = Debug|Any CPU
		{2C003E32-8D96-4BAA-BD54-5F4A20E36117}.Debug|x86.ActiveCfg = Debug|Any CPU
		{2C003E32-8D96-4BAA-BD54-5F4A20E36117}.Release|Any CPU.ActiveCfg = Release|Any CPU
		{2C003E32-8D96-4BAA-BD54-5F4A20E36117}.Release|Any CPU.Build.0 = Release|Any CPU
		{2C003E32-8D96-4BAA-BD54-5F4A20E36117}.Release|Mixed Platforms.ActiveCfg = Release|Any CPU
		{2C003E32-8D96-4BAA-BD54-5F4A20E36117}.Release|Mixed Platforms.Build.0 = Release|Any CPU
		{2C003E32-8D96-4BAA-BD54-5F4A20E36117}.Release|x86.ActiveCfg = Release|Any CPU
	EndGlobalSection
	GlobalSection(SolutionProperties) = preSolution
		HideSolutionNode = FALSE
	EndGlobalSection
EndGlobal
